// !$*UTF8*$!
{
	archiveVersion = 1;
	classes = {
	};
	objectVersion = 50;
	objects = {

/* Begin PBXBuildFile section */
		A1A4A06C26AAD170002DF0BB /* ViewController.swift in Sources */ = {isa = PBXBuildFile; fileRef = A1A4A06926AAD170002DF0BB /* ViewController.swift */; };
		A1A4A06D26AAD170002DF0BB /* LoginViewController.swift in Sources */ = {isa = PBXBuildFile; fileRef = A1A4A06A26AAD170002DF0BB /* LoginViewController.swift */; };
		A1A4A06E26AAD170002DF0BB /* SignUpViewController.swift in Sources */ = {isa = PBXBuildFile; fileRef = A1A4A06B26AAD170002DF0BB /* SignUpViewController.swift */; };
		A1F8BE9026AAB55F00AFA8F3 /* AppDelegate.swift in Sources */ = {isa = PBXBuildFile; fileRef = A1F8BE8F26AAB55F00AFA8F3 /* AppDelegate.swift */; };
		A1F8BE9226AAB55F00AFA8F3 /* SceneDelegate.swift in Sources */ = {isa = PBXBuildFile; fileRef = A1F8BE9126AAB55F00AFA8F3 /* SceneDelegate.swift */; };
		A1F8BE9726AAB55F00AFA8F3 /* Main.storyboard in Resources */ = {isa = PBXBuildFile; fileRef = A1F8BE9526AAB55F00AFA8F3 /* Main.storyboard */; };
		A1F8BE9926AAB56000AFA8F3 /* Assets.xcassets in Resources */ = {isa = PBXBuildFile; fileRef = A1F8BE9826AAB56000AFA8F3 /* Assets.xcassets */; };
		A1F8BE9C26AAB56000AFA8F3 /* LaunchScreen.storyboard in Resources */ = {isa = PBXBuildFile; fileRef = A1F8BE9A26AAB56000AFA8F3 /* LaunchScreen.storyboard */; };
		A1F8BEA426AAB61F00AFA8F3 /* pond drop.mp4 in Resources */ = {isa = PBXBuildFile; fileRef = A1F8BEA326AAB61F00AFA8F3 /* pond drop.mp4 */; };
		A1F8BEA926AAB94000AFA8F3 /* waterTrackerViewController.swift in Sources */ = {isa = PBXBuildFile; fileRef = A1F8BEA526AAB93F00AFA8F3 /* waterTrackerViewController.swift */; };
		A1F8BEAA26AAB94000AFA8F3 /* nutrition2VC2.swift in Sources */ = {isa = PBXBuildFile; fileRef = A1F8BEA626AAB93F00AFA8F3 /* nutrition2VC2.swift */; };
		A1F8BEAB26AAB94000AFA8F3 /* nuttrition1VC.swift in Sources */ = {isa = PBXBuildFile; fileRef = A1F8BEA726AAB93F00AFA8F3 /* nuttrition1VC.swift */; };
		A1F8BEAC26AAB94000AFA8F3 /* nutrition3VC3.swift in Sources */ = {isa = PBXBuildFile; fileRef = A1F8BEA826AAB94000AFA8F3 /* nutrition3VC3.swift */; };
		A1F8BEB526AABE3900AFA8F3 /* technologyViewController.swift in Sources */ = {isa = PBXBuildFile; fileRef = A1F8BEB426AABE3900AFA8F3 /* technologyViewController.swift */; };
		A1F8BEB726AACA2500AFA8F3 /* scienceViewController.swift in Sources */ = {isa = PBXBuildFile; fileRef = A1F8BEB626AACA2500AFA8F3 /* scienceViewController.swift */; };
		A1F8BEB926AACA2E00AFA8F3 /* mathViewController.swift in Sources */ = {isa = PBXBuildFile; fileRef = A1F8BEB826AACA2E00AFA8F3 /* mathViewController.swift */; };
		A1F8BEBB26AACA3800AFA8F3 /* englishViewController.swift in Sources */ = {isa = PBXBuildFile; fileRef = A1F8BEBA26AACA3800AFA8F3 /* englishViewController.swift */; };
		A1F8BEBD26AACA4000AFA8F3 /* historyViewController.swift in Sources */ = {isa = PBXBuildFile; fileRef = A1F8BEBC26AACA4000AFA8F3 /* historyViewController.swift */; };
/* End PBXBuildFile section */

/* Begin PBXFileReference section */
		A1A4A06926AAD170002DF0BB /* ViewController.swift */ = {isa = PBXFileReference; fileEncoding = 4; lastKnownFileType = sourcecode.swift; name = ViewController.swift; path = "../../../.Trash/mattApp 4.25.04 AM/MATT Proto/View Controllers/ViewController.swift"; sourceTree = "<group>"; };
		A1A4A06A26AAD170002DF0BB /* LoginViewController.swift */ = {isa = PBXFileReference; fileEncoding = 4; lastKnownFileType = sourcecode.swift; name = LoginViewController.swift; path = "../../../.Trash/mattApp 4.25.04 AM/MATT Proto/View Controllers/LoginViewController.swift"; sourceTree = "<group>"; };
		A1A4A06B26AAD170002DF0BB /* SignUpViewController.swift */ = {isa = PBXFileReference; fileEncoding = 4; lastKnownFileType = sourcecode.swift; name = SignUpViewController.swift; path = "../../../.Trash/mattApp 4.25.04 AM/MATT Proto/View Controllers/SignUpViewController.swift"; sourceTree = "<group>"; };
		A1F8BE8C26AAB55F00AFA8F3 /* mattAppfin.app */ = {isa = PBXFileReference; explicitFileType = wrapper.application; includeInIndex = 0; path = mattAppfin.app; sourceTree = BUILT_PRODUCTS_DIR; };
		A1F8BE8F26AAB55F00AFA8F3 /* AppDelegate.swift */ = {isa = PBXFileReference; lastKnownFileType = sourcecode.swift; path = AppDelegate.swift; sourceTree = "<group>"; };
		A1F8BE9126AAB55F00AFA8F3 /* SceneDelegate.swift */ = {isa = PBXFileReference; lastKnownFileType = sourcecode.swift; path = SceneDelegate.swift; sourceTree = "<group>"; };
		A1F8BE9626AAB55F00AFA8F3 /* Base */ = {isa = PBXFileReference; lastKnownFileType = file.storyboard; name = Base; path = Base.lproj/Main.storyboard; sourceTree = "<group>"; };
		A1F8BE9826AAB56000AFA8F3 /* Assets.xcassets */ = {isa = PBXFileReference; lastKnownFileType = folder.assetcatalog; path = Assets.xcassets; sourceTree = "<group>"; };
		A1F8BE9B26AAB56000AFA8F3 /* Base */ = {isa = PBXFileReference; lastKnownFileType = file.storyboard; name = Base; path = Base.lproj/LaunchScreen.storyboard; sourceTree = "<group>"; };
		A1F8BE9D26AAB56000AFA8F3 /* Info.plist */ = {isa = PBXFileReference; lastKnownFileType = text.plist.xml; path = Info.plist; sourceTree = "<group>"; };
		A1F8BEA326AAB61F00AFA8F3 /* pond drop.mp4 */ = {isa = PBXFileReference; lastKnownFileType = file; path = "pond drop.mp4"; sourceTree = "<group>"; };
		A1F8BEA526AAB93F00AFA8F3 /* waterTrackerViewController.swift */ = {isa = PBXFileReference; fileEncoding = 4; lastKnownFileType = sourcecode.swift; path = waterTrackerViewController.swift; sourceTree = "<group>"; };
		A1F8BEA626AAB93F00AFA8F3 /* nutrition2VC2.swift */ = {isa = PBXFileReference; fileEncoding = 4; lastKnownFileType = sourcecode.swift; path = nutrition2VC2.swift; sourceTree = "<group>"; };
		A1F8BEA726AAB93F00AFA8F3 /* nuttrition1VC.swift */ = {isa = PBXFileReference; fileEncoding = 4; lastKnownFileType = sourcecode.swift; path = nuttrition1VC.swift; sourceTree = "<group>"; };
		A1F8BEA826AAB94000AFA8F3 /* nutrition3VC3.swift */ = {isa = PBXFileReference; fileEncoding = 4; lastKnownFileType = sourcecode.swift; path = nutrition3VC3.swift; sourceTree = "<group>"; };
		A1F8BEB426AABE3900AFA8F3 /* technologyViewController.swift */ = {isa = PBXFileReference; lastKnownFileType = sourcecode.swift; path = technologyViewController.swift; sourceTree = "<group>"; };
		A1F8BEB626AACA2500AFA8F3 /* scienceViewController.swift */ = {isa = PBXFileReference; lastKnownFileType = sourcecode.swift; path = scienceViewController.swift; sourceTree = "<group>"; };
		A1F8BEB826AACA2E00AFA8F3 /* mathViewController.swift */ = {isa = PBXFileReference; lastKnownFileType = sourcecode.swift; path = mathViewController.swift; sourceTree = "<group>"; };
		A1F8BEBA26AACA3800AFA8F3 /* englishViewController.swift */ = {isa = PBXFileReference; lastKnownFileType = sourcecode.swift; path = englishViewController.swift; sourceTree = "<group>"; };
		A1F8BEBC26AACA4000AFA8F3 /* historyViewController.swift */ = {isa = PBXFileReference; lastKnownFileType = sourcecode.swift; path = historyViewController.swift; sourceTree = "<group>"; };
/* End PBXFileReference section */

/* Begin PBXFrameworksBuildPhase section */
		A1F8BE8926AAB55F00AFA8F3 /* Frameworks */ = {
			isa = PBXFrameworksBuildPhase;
			buildActionMask = 2147483647;
			files = (
			);
			runOnlyForDeploymentPostprocessing = 0;
		};
/* End PBXFrameworksBuildPhase section */

/* Begin PBXGroup section */
		A1F8BE8326AAB55E00AFA8F3 = {
			isa = PBXGroup;
			children = (
				A1F8BE8E26AAB55F00AFA8F3 /* mattAppfin */,
				A1F8BE8D26AAB55F00AFA8F3 /* Products */,
			);
			sourceTree = "<group>";
		};
		A1F8BE8D26AAB55F00AFA8F3 /* Products */ = {
			isa = PBXGroup;
			children = (
				A1F8BE8C26AAB55F00AFA8F3 /* mattAppfin.app */,
			);
			name = Products;
			sourceTree = "<group>";
		};
		A1F8BE8E26AAB55F00AFA8F3 /* mattAppfin */ = {
			isa = PBXGroup;
			children = (
				A1F8BEB626AACA2500AFA8F3 /* scienceViewController.swift */,
				A1F8BEB826AACA2E00AFA8F3 /* mathViewController.swift */,
				A1F8BEBA26AACA3800AFA8F3 /* englishViewController.swift */,
				A1F8BEBC26AACA4000AFA8F3 /* historyViewController.swift */,
				A1F8BE8F26AAB55F00AFA8F3 /* AppDelegate.swift */,
				A1F8BE9126AAB55F00AFA8F3 /* SceneDelegate.swift */,
				A1A4A06A26AAD170002DF0BB /* LoginViewController.swift */,
				A1A4A06B26AAD170002DF0BB /* SignUpViewController.swift */,
				A1A4A06926AAD170002DF0BB /* ViewController.swift */,
				A1F8BE9526AAB55F00AFA8F3 /* Main.storyboard */,
				A1F8BEB426AABE3900AFA8F3 /* technologyViewController.swift */,
				A1F8BEB326AABC7300AFA8F3 /* Nutrition VCs */,
				A1F8BE9826AAB56000AFA8F3 /* Assets.xcassets */,
				A1F8BE9A26AAB56000AFA8F3 /* LaunchScreen.storyboard */,
				A1F8BE9D26AAB56000AFA8F3 /* Info.plist */,
				A1F8BEA326AAB61F00AFA8F3 /* pond drop.mp4 */,
			);
			path = mattAppfin;
			sourceTree = "<group>";
		};
		A1F8BEB326AABC7300AFA8F3 /* Nutrition VCs */ = {
			isa = PBXGroup;
			children = (
				A1F8BEA726AAB93F00AFA8F3 /* nuttrition1VC.swift */,
				A1F8BEA626AAB93F00AFA8F3 /* nutrition2VC2.swift */,
				A1F8BEA826AAB94000AFA8F3 /* nutrition3VC3.swift */,
				A1F8BEA526AAB93F00AFA8F3 /* waterTrackerViewController.swift */,
			);
			path = "Nutrition VCs";
			sourceTree = "<group>";
		};
/* End PBXGroup section */

/* Begin PBXNativeTarget section */
		A1F8BE8B26AAB55F00AFA8F3 /* mattAppfin */ = {
			isa = PBXNativeTarget;
			buildConfigurationList = A1F8BEA026AAB56000AFA8F3 /* Build configuration list for PBXNativeTarget "mattAppfin" */;
			buildPhases = (
				A1F8BE8826AAB55F00AFA8F3 /* Sources */,
				A1F8BE8926AAB55F00AFA8F3 /* Frameworks */,
				A1F8BE8A26AAB55F00AFA8F3 /* Resources */,
			);
			buildRules = (
			);
			dependencies = (
			);
			name = mattAppfin;
			productName = mattAppfin;
			productReference = A1F8BE8C26AAB55F00AFA8F3 /* mattAppfin.app */;
			productType = "com.apple.product-type.application";
		};
/* End PBXNativeTarget section */

/* Begin PBXProject section */
		A1F8BE8426AAB55E00AFA8F3 /* Project object */ = {
			isa = PBXProject;
			attributes = {
				LastSwiftUpdateCheck = 1250;
				LastUpgradeCheck = 1250;
				TargetAttributes = {
					A1F8BE8B26AAB55F00AFA8F3 = {
						CreatedOnToolsVersion = 12.5.1;
					};
				};
			};
			buildConfigurationList = A1F8BE8726AAB55E00AFA8F3 /* Build configuration list for PBXProject "mattAppfin" */;
			compatibilityVersion = "Xcode 9.3";
			developmentRegion = en;
			hasScannedForEncodings = 0;
			knownRegions = (
				en,
				Base,
			);
			mainGroup = A1F8BE8326AAB55E00AFA8F3;
			productRefGroup = A1F8BE8D26AAB55F00AFA8F3 /* Products */;
			projectDirPath = "";
			projectRoot = "";
			targets = (
				A1F8BE8B26AAB55F00AFA8F3 /* mattAppfin */,
			);
		};
/* End PBXProject section */

/* Begin PBXResourcesBuildPhase section */
		A1F8BE8A26AAB55F00AFA8F3 /* Resources */ = {
			isa = PBXResourcesBuildPhase;
			buildActionMask = 2147483647;
			files = (
				A1F8BE9C26AAB56000AFA8F3 /* LaunchScreen.storyboard in Resources */,
				A1F8BE9926AAB56000AFA8F3 /* Assets.xcassets in Resources */,
				A1F8BEA426AAB61F00AFA8F3 /* pond drop.mp4 in Resources */,
				A1F8BE9726AAB55F00AFA8F3 /* Main.storyboard in Resources */,
			);
			runOnlyForDeploymentPostprocessing = 0;
		};
/* End PBXResourcesBuildPhase section */

/* Begin PBXSourcesBuildPhase section */
		A1F8BE8826AAB55F00AFA8F3 /* Sources */ = {
			isa = PBXSourcesBuildPhase;
			buildActionMask = 2147483647;
			files = (
				A1F8BEB526AABE3900AFA8F3 /* technologyViewController.swift in Sources */,
				A1F8BEB726AACA2500AFA8F3 /* scienceViewController.swift in Sources */,
				A1F8BE9026AAB55F00AFA8F3 /* AppDelegate.swift in Sources */,
				A1F8BEAB26AAB94000AFA8F3 /* nuttrition1VC.swift in Sources */,
				A1A4A06E26AAD170002DF0BB /* SignUpViewController.swift in Sources */,
				A1F8BEBB26AACA3800AFA8F3 /* englishViewController.swift in Sources */,
				A1F8BEAA26AAB94000AFA8F3 /* nutrition2VC2.swift in Sources */,
				A1F8BEB926AACA2E00AFA8F3 /* mathViewController.swift in Sources */,
				A1F8BEAC26AAB94000AFA8F3 /* nutrition3VC3.swift in Sources */,
				A1F8BEA926AAB94000AFA8F3 /* waterTrackerViewController.swift in Sources */,
				A1A4A06D26AAD170002DF0BB /* LoginViewController.swift in Sources */,
				A1F8BE9226AAB55F00AFA8F3 /* SceneDelegate.swift in Sources */,
				A1A4A06C26AAD170002DF0BB /* ViewController.swift in Sources */,
				A1F8BEBD26AACA4000AFA8F3 /* historyViewController.swift in Sources */,
			);
			runOnlyForDeploymentPostprocessing = 0;
		};
/* End PBXSourcesBuildPhase section */

/* Begin PBXVariantGroup section */
		A1F8BE9526AAB55F00AFA8F3 /* Main.storyboard */ = {
			isa = PBXVariantGroup;
			children = (
				A1F8BE9626AAB55F00AFA8F3 /* Base */,
			);
			name = Main.storyboard;
			sourceTree = "<group>";
		};
		A1F8BE9A26AAB56000AFA8F3 /* LaunchScreen.storyboard */ = {
			isa = PBXVariantGroup;
			children = (
				A1F8BE9B26AAB56000AFA8F3 /* Base */,
			);
			name = LaunchScreen.storyboard;
			sourceTree = "<group>";
		};
/* End PBXVariantGroup section */

/* Begin XCBuildConfiguration section */
		A1F8BE9E26AAB56000AFA8F3 /* Debug */ = {
			isa = XCBuildConfiguration;
			buildSettings = {
				ALWAYS_SEARCH_USER_PATHS = NO;
				CLANG_ANALYZER_NONNULL = YES;
				CLANG_ANALYZER_NUMBER_OBJECT_CONVERSION = YES_AGGRESSIVE;
				CLANG_CXX_LANGUAGE_STANDARD = "gnu++14";
				CLANG_CXX_LIBRARY = "libc++";
				CLANG_ENABLE_MODULES = YES;
				CLANG_ENABLE_OBJC_ARC = YES;
				CLANG_ENABLE_OBJC_WEAK = YES;
				CLANG_WARN_BLOCK_CAPTURE_AUTORELEASING = YES;
				CLANG_WARN_BOOL_CONVERSION = YES;
				CLANG_WARN_COMMA = YES;
				CLANG_WARN_CONSTANT_CONVERSION = YES;
				CLANG_WARN_DEPRECATED_OBJC_IMPLEMENTATIONS = YES;
				CLANG_WARN_DIRECT_OBJC_ISA_USAGE = YES_ERROR;
				CLANG_WARN_DOCUMENTATION_COMMENTS = YES;
				CLANG_WARN_EMPTY_BODY = YES;
				CLANG_WARN_ENUM_CONVERSION = YES;
				CLANG_WARN_INFINITE_RECURSION = YES;
				CLANG_WARN_INT_CONVERSION = YES;
				CLANG_WARN_NON_LITERAL_NULL_CONVERSION = YES;
				CLANG_WARN_OBJC_IMPLICIT_RETAIN_SELF = YES;
				CLANG_WARN_OBJC_LITERAL_CONVERSION = YES;
				CLANG_WARN_OBJC_ROOT_CLASS = YES_ERROR;
				CLANG_WARN_QUOTED_INCLUDE_IN_FRAMEWORK_HEADER = YES;
				CLANG_WARN_RANGE_LOOP_ANALYSIS = YES;
				CLANG_WARN_STRICT_PROTOTYPES = YES;
				CLANG_WARN_SUSPICIOUS_MOVE = YES;
				CLANG_WARN_UNGUARDED_AVAILABILITY = YES_AGGRESSIVE;
				CLANG_WARN_UNREACHABLE_CODE = YES;
				CLANG_WARN__DUPLICATE_METHOD_MATCH = YES;
				COPY_PHASE_STRIP = NO;
				DEBUG_INFORMATION_FORMAT = dwarf;
				ENABLE_STRICT_OBJC_MSGSEND = YES;
				ENABLE_TESTABILITY = YES;
				GCC_C_LANGUAGE_STANDARD = gnu11;
				GCC_DYNAMIC_NO_PIC = NO;
				GCC_NO_COMMON_BLOCKS = YES;
				GCC_OPTIMIZATION_LEVEL = 0;
				GCC_PREPROCESSOR_DEFINITIONS = (
					"DEBUG=1",
					"$(inherited)",
				);
				GCC_WARN_64_TO_32_BIT_CONVERSION = YES;
				GCC_WARN_ABOUT_RETURN_TYPE = YES_ERROR;
				GCC_WARN_UNDECLARED_SELECTOR = YES;
				GCC_WARN_UNINITIALIZED_AUTOS = YES_AGGRESSIVE;
				GCC_WARN_UNUSED_FUNCTION = YES;
				GCC_WARN_UNUSED_VARIABLE = YES;
				IPHONEOS_DEPLOYMENT_TARGET = 14.5;
				MTL_ENABLE_DEBUG_INFO = INCLUDE_SOURCE;
				MTL_FAST_MATH = YES;
				ONLY_ACTIVE_ARCH = YES;
				SDKROOT = iphoneos;
				SWIFT_ACTIVE_COMPILATION_CONDITIONS = DEBUG;
				SWIFT_OPTIMIZATION_LEVEL = "-Onone";
			};
			name = Debug;
		};
		A1F8BE9F26AAB56000AFA8F3 /* Release */ = {
			isa = XCBuildConfiguration;
			buildSettings = {
				ALWAYS_SEARCH_USER_PATHS = NO;
				CLANG_ANALYZER_NONNULL = YES;
				CLANG_ANALYZER_NUMBER_OBJECT_CONVERSION = YES_AGGRESSIVE;
				CLANG_CXX_LANGUAGE_STANDARD = "gnu++14";
				CLANG_CXX_LIBRARY = "libc++";
				CLANG_ENABLE_MODULES = YES;
				CLANG_ENABLE_OBJC_ARC = YES;
				CLANG_ENABLE_OBJC_WEAK = YES;
				CLANG_WARN_BLOCK_CAPTURE_AUTORELEASING = YES;
				CLANG_WARN_BOOL_CONVERSION = YES;
				CLANG_WARN_COMMA = YES;
				CLANG_WARN_CONSTANT_CONVERSION = YES;
				CLANG_WARN_DEPRECATED_OBJC_IMPLEMENTATIONS = YES;
				CLANG_WARN_DIRECT_OBJC_ISA_USAGE = YES_ERROR;
				CLANG_WARN_DOCUMENTATION_COMMENTS = YES;
				CLANG_WARN_EMPTY_BODY = YES;
				CLANG_WARN_ENUM_CONVERSION = YES;
				CLANG_WARN_INFINITE_RECURSION = YES;
				CLANG_WARN_INT_CONVERSION = YES;
				CLANG_WARN_NON_LITERAL_NULL_CONVERSION = YES;
				CLANG_WARN_OBJC_IMPLICIT_RETAIN_SELF = YES;
				CLANG_WARN_OBJC_LITERAL_CONVERSION = YES;
				CLANG_WARN_OBJC_ROOT_CLASS = YES_ERROR;
				CLANG_WARN_QUOTED_INCLUDE_IN_FRAMEWORK_HEADER = YES;
				CLANG_WARN_RANGE_LOOP_ANALYSIS = YES;
				CLANG_WARN_STRICT_PROTOTYPES = YES;
				CLANG_WARN_SUSPICIOUS_MOVE = YES;
				CLANG_WARN_UNGUARDED_AVAILABILITY = YES_AGGRESSIVE;
				CLANG_WARN_UNREACHABLE_CODE = YES;
				CLANG_WARN__DUPLICATE_METHOD_MATCH = YES;
				COPY_PHASE_STRIP = NO;
				DEBUG_INFORMATION_FORMAT = "dwarf-with-dsym";
				ENABLE_NS_ASSERTIONS = NO;
				ENABLE_STRICT_OBJC_MSGSEND = YES;
				GCC_C_LANGUAGE_STANDARD = gnu11;
				GCC_NO_COMMON_BLOCKS = YES;
				GCC_WARN_64_TO_32_BIT_CONVERSION = YES;
				GCC_WARN_ABOUT_RETURN_TYPE = YES_ERROR;
				GCC_WARN_UNDECLARED_SELECTOR = YES;
				GCC_WARN_UNINITIALIZED_AUTOS = YES_AGGRESSIVE;
				GCC_WARN_UNUSED_FUNCTION = YES;
				GCC_WARN_UNUSED_VARIABLE = YES;
				IPHONEOS_DEPLOYMENT_TARGET = 14.5;
				MTL_ENABLE_DEBUG_INFO = NO;
				MTL_FAST_MATH = YES;
				SDKROOT = iphoneos;
				SWIFT_COMPILATION_MODE = wholemodule;
				SWIFT_OPTIMIZATION_LEVEL = "-O";
				VALIDATE_PRODUCT = YES;
			};
			name = Release;
		};
		A1F8BEA126AAB56000AFA8F3 /* Debug */ = {
			isa = XCBuildConfiguration;
			buildSettings = {
				ASSETCATALOG_COMPILER_APPICON_NAME = AppIcon;
				ASSETCATALOG_COMPILER_GLOBAL_ACCENT_COLOR_NAME = AccentColor;
				CODE_SIGN_STYLE = Automatic;
				DEVELOPMENT_TEAM = L77BV93G7W;
				INFOPLIST_FILE = mattAppfin/Info.plist;
				LD_RUNPATH_SEARCH_PATHS = (
					"$(inherited)",
					"@executable_path/Frameworks",
				);
				PRODUCT_BUNDLE_IDENTIFIER = vang.mattAppfin;
				PRODUCT_NAME = "$(TARGET_NAME)";
				SWIFT_VERSION = 5.0;
				TARGETED_DEVICE_FAMILY = "1,2";
			};
			name = Debug;
		};
		A1F8BEA226AAB56000AFA8F3 /* Release */ = {
			isa = XCBuildConfiguration;
			buildSettings = {
				ASSETCATALOG_COMPILER_APPICON_NAME = AppIcon;
				ASSETCATALOG_COMPILER_GLOBAL_ACCENT_COLOR_NAME = AccentColor;
				CODE_SIGN_STYLE = Automatic;
				DEVELOPMENT_TEAM = L77BV93G7W;
				INFOPLIST_FILE = mattAppfin/Info.plist;
				LD_RUNPATH_SEARCH_PATHS = (
					"$(inherited)",
					"@executable_path/Frameworks",
				);
				PRODUCT_BUNDLE_IDENTIFIER = vang.mattAppfin;
				PRODUCT_NAME = "$(TARGET_NAME)";
				SWIFT_VERSION = 5.0;
				TARGETED_DEVICE_FAMILY = "1,2";
			};
			name = Release;
		};
/* End XCBuildConfiguration section */

/* Begin XCConfigurationList section */
		A1F8BE8726AAB55E00AFA8F3 /* Build configuration list for PBXProject "mattAppfin" */ = {
			isa = XCConfigurationList;
			buildConfigurations = (
				A1F8BE9E26AAB56000AFA8F3 /* Debug */,
				A1F8BE9F26AAB56000AFA8F3 /* Release */,
			);
			defaultConfigurationIsVisible = 0;
			defaultConfigurationName = Release;
		};
		A1F8BEA026AAB56000AFA8F3 /* Build configuration list for PBXNativeTarget "mattAppfin" */ = {
			isa = XCConfigurationList;
			buildConfigurations = (
				A1F8BEA126AAB56000AFA8F3 /* Debug */,
				A1F8BEA226AAB56000AFA8F3 /* Release */,
			);
			defaultConfigurationIsVisible = 0;
			defaultConfigurationName = Release;
		};
/* End XCConfigurationList section */
	};
	rootObject = A1F8BE8426AAB55E00AFA8F3 /* Project object */;
}
